{
  "_meta": {
    "hash": {
      "sha256": "1495303dd9062e92732bd39d91a3a865b15bd830a56d18ca9350e42052b433ae"
    },
    "pipfile-spec": 6,
    "requires": {
      "python_version": "3.10"
    },
    "sources": [
      {
        "name": "pypi",
        "url": "https://pypi.org/simple",
        "verify_ssl": true
      }
    ]
  },
  "default": {
    "pydantic-core": {
      "hashes": [
        "sha256:00eb370a47bd63d6f0e59bae8080c43eb21aca033785ecaeba3fd36f2cfe0877",
        "sha256:05a0d09b436ab65a35b5ad90fc295c4a0e545c2456e2212f242809c7474e60c6",
        "sha256:08dae83791aee669f7160a94e801162e8f17612c4a821c86e17f9a802389a011",
        "sha256:0abc8460e7f214631bd14af8fde2ad69dcc54ae5facabdeb93150c5d3bd2abf3",
        "sha256:0d9053f4c9ff5ed98270937938efaadf8a4beb6826ce6cee1e66614b7613c969",
        "sha256:100fc9d3a681864212dc5d0d25bbac545205d4c31e5f93095f9b6b1f799e8be7",
        "sha256:10a6b04f4f86e3816b50dc9785bb662d87e5eda8423f15a80e6f245f6695828a",
        "sha256:151968f31efca42a9a5ae25cd00a62a67fb368ed4fdf05c861c629138e5cf674",
        "sha256:15ec667c44d32995b71959edfbb3687508686cd06b16fecd8c1d0b97e4195c06",
        "sha256:21b2d238fd200162e64303fd9e805b27d96ffe24164b31350a97eba75bf712e9",
        "sha256:262d77d4c4fa31f4bdfd838d21f265c35c469e980cc422a47d0b2ae796f38d07",
        "sha256:2670f3a68d1a574ae1b0f3da016c010dd08d0a422d14a3b78be47aebbae9a310",
        "sha256:2933accfb2e181d67ae37eb2c40abb1a226841392e90edaa62900c0fe7f47e0e",
        "sha256:29904fc5b7c2795b236e1a54680b3cb203c50b1968938a06a4ca7aaee45e71cc",
        "sha256:30bab73daf1cbd751fb925fbf43c932dc5edfd694af2ee6d207bf9daccf86abd",
        "sha256:38ce3939035e86c775427135a59f4d0da6a2fd567851fc921b24993898d2c584",
        "sha256:39d4ac2cf7a25f1ceec7588a5c9b86ccdf330a5941753e1779974c08a9d763c4",
        "sha256:3ae227d46fd1fa1b5a02c18a5a7c80ccff014b7bf596731af5bb157f33e058c6",
        "sha256:3afe0158f5ee4ba5a0b468dbd3adc46e1c460a2de10ab6af19cab7ccf2831aaa",
        "sha256:3b7f929d7fffe5017aa0b50414a94a57ac21d96004673856147ea2af90beac7b",
        "sha256:3dafe486b2cd19b119d6dce9cd4b2545eb04a679ef4faa6e5b895e0c2838d020",
        "sha256:433ae51fcd7e32e82a922aa67b2233a94f72e58d1d5674322eeeedc2a2a5de1f",
        "sha256:49dea6930ab48b3ca233e7d541d5f6480f6ffa67a1cc2352cd8395c6f3c14745",
        "sha256:4e1eaba0496f00923f125bea4ce2ec2ad7b32753d037ad456ea8b971888ccebf",
        "sha256:5202456ff1f71c2146ba63ffe4538be7fa5d0b6697de14f706d4266aa4e7bf47",
        "sha256:54a4da481e9130eeba5b02fcfe95fcf26e188747b5b9c6a3bc434ee6f7573b04",
        "sha256:5fc73dd963497080b1961c16e6a01c054acb525fb8108c6aeed208d109d7385e",
        "sha256:6264eee5c7fced027286ed143c329f531878ec9ae11e7be3c06635045ecbf81f",
        "sha256:638f8bae1d32f1cff46ed7742782b255d8175c4b006f1f41dccfa68ae7bbd2d2",
        "sha256:649b1f24ac7a09c430929234d43011e5a4195c1b3d32dd3a80fb6f175dcf301b",
        "sha256:690a49c803412267758d114dd8f1e2a819436e1ec3df5043b7ea25bcbfabe40a",
        "sha256:6c093a00bce0de23102c3f4a8fab5629f6c0e2dc09eeb7f275c03895fcee8598",
        "sha256:6f4806078005609da8957757ec41632da08ae33d2e12ce9b82a03e0f9bd9296a",
        "sha256:781ba2aa6023a14bf865d7368d674db44c99a8630fc76ba73e850ca7b5a1febb",
        "sha256:7e8e33bf23a61b07456a1666a07ba453c0906ed74c1330a60ba4c10691628310",
        "sha256:7f7d0a3607a63c328762b904e8ecb471b2fbe0223bfc01d30e0e962cb71ca508",
        "sha256:804a81e50dc43508068964a2b7abacaf99850e2cb7cbd0ae3a8e0145cb89ba1f",
        "sha256:81b84e88ed517a4911f8ebef141b41f5b1d21f8100209b0fc118079accede06e",
        "sha256:837cbeec0ad83ebd57ae9f4e8bd18c8ed34acfe3ec809e2ceceac253b0bc3fd7",
        "sha256:843c98c21b7cd80b0e6f8a44e84fc6ebe63a823b991c337361d1e9141a7d753d",
        "sha256:84667cd32f432bb7f1e0bc5f57c4ea2767d9493e9beef8f195657c16ea3a6076",
        "sha256:848727b22f9117b826a5cc769a874c8a218ab994a455a739fee1aaab611e10f8",
        "sha256:865f96455c0f5af1b1e73c4f52659899a635af4c1e4db5ae40f848ba456dfd24",
        "sha256:873e2453ff6451bdf5619c3c1122fa9998a39552d2fd4c2d9c34f61611e026d6",
        "sha256:8e18fb1effad8d28ae510d35507eecf79abcba96c09627443c51acdfbfa30f93",
        "sha256:8ff9bd3024412d9766343fe60e1dd6e590d30202dd20d27a881dd790b9b1b72d",
        "sha256:92137a6a2236223ae5aa4f610ca2a4fe5c8770941deeb6b295f477c71257e618",
        "sha256:954509ea58b1adf6614390056da194e86feb83423679984f8453416db7cfa8c9",
        "sha256:95e912ae3ccbd9c20f44b85fc7f3e1e55db8f8688c8cf519aa517580ae7ba399",
        "sha256:987503763bbdc403821e8b0e618888eae02531f416964aeb1f867ca53f0d1e72",
        "sha256:9a17d5524f10afd850a0b4365f38931079dc5b00e3417e6b1774d0b8683a5244",
        "sha256:9add1a74e7d8008f4ed9bd4b7cb62de6fd28f81b28f7f6def8c0389a50a98127",
        "sha256:9c0eb1577f5073cfb336e5d08cb91e717197c0727803962850561d529c07e53c",
        "sha256:9f186dc1c1e0fe14a453ccc9a90201c03c12fbdda30e1624e405cf67dcf1dc00",
        "sha256:a4cd64a16bdd44ea2120e5592818b1391b22adb02632ca4438897b10c07ef62a",
        "sha256:a69297f237984b358275cde98bf81b816a6528f579cf3818954d6266bd64c48d",
        "sha256:b0749590fa48c99d93670d2b6a452e0b08c0accd39d86e7579ed176fd8ce9687",
        "sha256:b28dadb0c7494e47304e5c0fec95c500ed914e88b53018ccb85d700fbb1d2bdc",
        "sha256:b73ee3051e98a096027f529a5169560e22c61de067d44858b680fc21b0bd6c20",
        "sha256:b75989878eb94f1a63a6a558735cee1c8d6c7d24007b61df41efc8cdbe819f70",
        "sha256:ba66866a945f96dd20a34c2205822131e8786c2402ce5620e8d73b3b3da665e1",
        "sha256:bb6f9b87d5e1a558f0a8ac9a9282f76505b1ac96695d6bac4a036dce88d927ec",
        "sha256:be25600552428fb43a4d94da3d9001f2a519bde715515bf8704acbd80495b279",
        "sha256:be43d9249acf772be100ca1f687680d0e2e2bd5fbaecc3e904f5a65762d45a86",
        "sha256:c174a6a3885f04da4a94ca15e2ce5ec4db535b8468ee71de246bf709188630e6",
        "sha256:c3734dd979f69b322ec7ddff60123264474801ef9620255f120e10d33596c3a6",
        "sha256:c3ed715355de44fd1ad5e2347ae9d8b48c12423a938174accd98f3c21cd35141",
        "sha256:c886deed32c95db3d3f46195316aea5b87b754e2b84ab14da0aea491df38a997",
        "sha256:c97f1fb88ec947522ec5863630cb17e3b3ec9f6ca09f954107ad3d35ca3abfe8",
        "sha256:c9c3b124d0c1f2b6d462aac3cd194457d419e62d62bbd7fc60392e10eb179d10",
        "sha256:ca5363fb0f39135cd6cbdbaa542c24a91246cf9d08fb5c3ba23f774ef4e91f66",
        "sha256:d00380dbb87abf553d173e2b0c4863a4e2e8573e36ee865af7237a065adc3519",
        "sha256:d129992e977ecf672d4eb7c7ba0e5f13725995d0fac246c673f699b7722c9ae5",
        "sha256:d3eda2b28ed432709f4eae83316fe8a64e5ab79a9d5d9a45950e89c8d43d17d0",
        "sha256:d5d6c3a0a5f3a1c0c7d57acbb1cce592525959414b8f0b79e00d123b8f979d8b",
        "sha256:e082678c0bf14e9204175db2d0364410549f6457dcbd297ef642011d369283f2",
        "sha256:e21b2ee6273cf0d637a7b1622a6ece8761f111083822f1e814e7522d5efb1772",
        "sha256:e34ae0eed62065a917f527296a0da2dc71056d53e5b7c8849d48ad69cc73a486",
        "sha256:e9935b6c89171bab3e4d3f67c4d4d19df60ab2db5676d27894cd39a834b97dde",
        "sha256:eac616e3571f9083d972accae44e98ca7020e7c345ac9317fcc8b5638175cadc",
        "sha256:ec9897bde1b4654d513e065a97d7af50de5bfdf3419ba4ef3fed0fbe2d57451e",
        "sha256:ee96b28ffefe34ddf5e83e28c0ece5f96f7e3a4caa51b1683b2a71d990f8235e",
        "sha256:f288373c599466a3977b6305e8ff21ed81465b8c5b5ba2b1a160c89ad6a09285",
        "sha256:f3482e7e003b2b391ad2441c98ba219cbd71e3de12b3a5f422c5d9151479c827",
        "sha256:f476419afe9b70d7f25fef7bec7033f69c2e3e1f35de23dad5dc5cc098759ce2",
        "sha256:f6f2083e9e2250ea7563a809dc28f4df1c4f78a0f8191fc82755bb9edff438a4",
        "sha256:f8681973c8648bca5f18aae7a949a90b2177d894a30763b54d35b264c6b3cb02",
        "sha256:fe9743b50b86bf75b2f0b48c899665da30ae4e332963a0054d4c74548ba72ab0",
        "sha256:ff54894bc04f5982db8fa6ff6d336afa2e4b66cccc76952a35772ff7485d5553"
      ],
      "index": "pypi",
      "version": "==2.23.0"
    },
    "typing-extensions": {
      "hashes": [
        "sha256:04e5ca0351e0f3f85c6853954072df659d0d13fac324d0072316b67d7794700d",
        "sha256:1a7ead55c7e559dd4dee8856e3a88b41225abfe1ce8df57b7c13915fe121ffb8"
      ],
      "markers": "python_version >= '3.8'",
      "version": "==4.12.2"
    }
  },
  "develop": {
    "annotated-types": {
      "hashes": [
        "sha256:1f02e8b43a8fbbc3f3e0d4f0f4bfc8131bcb4eebe8849b8e5c773f3a1c582a53",
        "sha256:aff07c09a53a08bc8cfccb9c85b05f1aa9a2a6f23728d790723543408344ce89"
      ],
      "markers": "python_version >= '3.8'",
      "version": "==0.7.0"
    },
    "backports.tarfile": {
      "hashes": [
        "sha256:77e284d754527b01fb1e6fa8a1afe577858ebe4e9dad8919e34c862cb399bc34",
        "sha256:d75e02c268746e1b8144c278978b6e98e85de6ad16f8e4b0844a154557eca991"
      ],
      "markers": "python_version < '3.12'",
      "version": "==1.2.0"
    },
    "certifi": {
      "hashes": [
        "sha256:5a1e7645bc0ec61a09e26c36f6106dd4cf40c6db3a1fb6352b0244e7fb057c7b",
        "sha256:c198e21b1289c2ab85ee4e67bb4b4ef3ead0892059901a8d5b622f24a1101e90"
      ],
      "markers": "python_version >= '3.6'",
      "version": "==2024.7.4"
    },
    "charset-normalizer": {
      "hashes": [
        "sha256:06435b539f889b1f6f4ac1758871aae42dc3a8c0e24ac9e60c2384973ad73027",
        "sha256:06a81e93cd441c56a9b65d8e1d043daeb97a3d0856d177d5c90ba85acb3db087",
        "sha256:0a55554a2fa0d408816b3b5cedf0045f4b8e1a6065aec45849de2d6f3f8e9786",
        "sha256:0b2b64d2bb6d3fb9112bafa732def486049e63de9618b5843bcdd081d8144cd8",
        "sha256:10955842570876604d404661fbccbc9c7e684caf432c09c715ec38fbae45ae09",
        "sha256:122c7fa62b130ed55f8f285bfd56d5f4b4a5b503609d181f9ad85e55c89f4185",
        "sha256:1ceae2f17a9c33cb48e3263960dc5fc8005351ee19db217e9b1bb15d28c02574",
        "sha256:1d3193f4a680c64b4b6a9115943538edb896edc190f0b222e73761716519268e",
        "sha256:1f79682fbe303db92bc2b1136016a38a42e835d932bab5b3b1bfcfbf0640e519",
        "sha256:2127566c664442652f024c837091890cb1942c30937add288223dc895793f898",
        "sha256:22afcb9f253dac0696b5a4be4a1c0f8762f8239e21b99680099abd9b2b1b2269",
        "sha256:25baf083bf6f6b341f4121c2f3c548875ee6f5339300e08be3f2b2ba1721cdd3",
        "sha256:2e81c7b9c8979ce92ed306c249d46894776a909505d8f5a4ba55b14206e3222f",
        "sha256:3287761bc4ee9e33561a7e058c72ac0938c4f57fe49a09eae428fd88aafe7bb6",
        "sha256:34d1c8da1e78d2e001f363791c98a272bb734000fcef47a491c1e3b0505657a8",
        "sha256:37e55c8e51c236f95b033f6fb391d7d7970ba5fe7ff453dad675e88cf303377a",
        "sha256:3d47fa203a7bd9c5b6cee4736ee84ca03b8ef23193c0d1ca99b5089f72645c73",
        "sha256:3e4d1f6587322d2788836a99c69062fbb091331ec940e02d12d179c1d53e25fc",
        "sha256:42cb296636fcc8b0644486d15c12376cb9fa75443e00fb25de0b8602e64c1714",
        "sha256:45485e01ff4d3630ec0d9617310448a8702f70e9c01906b0d0118bdf9d124cf2",
        "sha256:4a78b2b446bd7c934f5dcedc588903fb2f5eec172f3d29e52a9096a43722adfc",
        "sha256:4ab2fe47fae9e0f9dee8c04187ce5d09f48eabe611be8259444906793ab7cbce",
        "sha256:4d0d1650369165a14e14e1e47b372cfcb31d6ab44e6e33cb2d4e57265290044d",
        "sha256:549a3a73da901d5bc3ce8d24e0600d1fa85524c10287f6004fbab87672bf3e1e",
        "sha256:55086ee1064215781fff39a1af09518bc9255b50d6333f2e4c74ca09fac6a8f6",
        "sha256:572c3763a264ba47b3cf708a44ce965d98555f618ca42c926a9c1616d8f34269",
        "sha256:573f6eac48f4769d667c4442081b1794f52919e7edada77495aaed9236d13a96",
        "sha256:5b4c145409bef602a690e7cfad0a15a55c13320ff7a3ad7ca59c13bb8ba4d45d",
        "sha256:6463effa3186ea09411d50efc7d85360b38d5f09b870c48e4600f63af490e56a",
        "sha256:65f6f63034100ead094b8744b3b97965785388f308a64cf8d7c34f2f2e5be0c4",
        "sha256:663946639d296df6a2bb2aa51b60a2454ca1cb29835324c640dafb5ff2131a77",
        "sha256:6897af51655e3691ff853668779c7bad41579facacf5fd7253b0133308cf000d",
        "sha256:68d1f8a9e9e37c1223b656399be5d6b448dea850bed7d0f87a8311f1ff3dabb0",
        "sha256:6ac7ffc7ad6d040517be39eb591cac5ff87416c2537df6ba3cba3bae290c0fed",
        "sha256:6b3251890fff30ee142c44144871185dbe13b11bab478a88887a639655be1068",
        "sha256:6c4caeef8fa63d06bd437cd4bdcf3ffefe6738fb1b25951440d80dc7df8c03ac",
        "sha256:6ef1d82a3af9d3eecdba2321dc1b3c238245d890843e040e41e470ffa64c3e25",
        "sha256:753f10e867343b4511128c6ed8c82f7bec3bd026875576dfd88483c5c73b2fd8",
        "sha256:7cd13a2e3ddeed6913a65e66e94b51d80a041145a026c27e6bb76c31a853c6ab",
        "sha256:7ed9e526742851e8d5cc9e6cf41427dfc6068d4f5a3bb03659444b4cabf6bc26",
        "sha256:7f04c839ed0b6b98b1a7501a002144b76c18fb1c1850c8b98d458ac269e26ed2",
        "sha256:802fe99cca7457642125a8a88a084cef28ff0cf9407060f7b93dca5aa25480db",
        "sha256:80402cd6ee291dcb72644d6eac93785fe2c8b9cb30893c1af5b8fdd753b9d40f",
        "sha256:8465322196c8b4d7ab6d1e049e4c5cb460d0394da4a27d23cc242fbf0034b6b5",
        "sha256:86216b5cee4b06df986d214f664305142d9c76df9b6512be2738aa72a2048f99",
        "sha256:87d1351268731db79e0f8e745d92493ee2841c974128ef629dc518b937d9194c",
        "sha256:8bdb58ff7ba23002a4c5808d608e4e6c687175724f54a5dade5fa8c67b604e4d",
        "sha256:8c622a5fe39a48f78944a87d4fb8a53ee07344641b0562c540d840748571b811",
        "sha256:8d756e44e94489e49571086ef83b2bb8ce311e730092d2c34ca8f7d925cb20aa",
        "sha256:8f4a014bc36d3c57402e2977dada34f9c12300af536839dc38c0beab8878f38a",
        "sha256:9063e24fdb1e498ab71cb7419e24622516c4a04476b17a2dab57e8baa30d6e03",
        "sha256:90d558489962fd4918143277a773316e56c72da56ec7aa3dc3dbbe20fdfed15b",
        "sha256:923c0c831b7cfcb071580d3f46c4baf50f174be571576556269530f4bbd79d04",
        "sha256:95f2a5796329323b8f0512e09dbb7a1860c46a39da62ecb2324f116fa8fdc85c",
        "sha256:96b02a3dc4381e5494fad39be677abcb5e6634bf7b4fa83a6dd3112607547001",
        "sha256:9f96df6923e21816da7e0ad3fd47dd8f94b2a5ce594e00677c0013018b813458",
        "sha256:a10af20b82360ab00827f916a6058451b723b4e65030c5a18577c8b2de5b3389",
        "sha256:a50aebfa173e157099939b17f18600f72f84eed3049e743b68ad15bd69b6bf99",
        "sha256:a981a536974bbc7a512cf44ed14938cf01030a99e9b3a06dd59578882f06f985",
        "sha256:a9a8e9031d613fd2009c182b69c7b2c1ef8239a0efb1df3f7c8da66d5dd3d537",
        "sha256:ae5f4161f18c61806f411a13b0310bea87f987c7d2ecdbdaad0e94eb2e404238",
        "sha256:aed38f6e4fb3f5d6bf81bfa990a07806be9d83cf7bacef998ab1a9bd660a581f",
        "sha256:b01b88d45a6fcb69667cd6d2f7a9aeb4bf53760d7fc536bf679ec94fe9f3ff3d",
        "sha256:b261ccdec7821281dade748d088bb6e9b69e6d15b30652b74cbbac25e280b796",
        "sha256:b2b0a0c0517616b6869869f8c581d4eb2dd83a4d79e0ebcb7d373ef9956aeb0a",
        "sha256:b4a23f61ce87adf89be746c8a8974fe1c823c891d8f86eb218bb957c924bb143",
        "sha256:bd8f7df7d12c2db9fab40bdd87a7c09b1530128315d047a086fa3ae3435cb3a8",
        "sha256:beb58fe5cdb101e3a055192ac291b7a21e3b7ef4f67fa1d74e331a7f2124341c",
        "sha256:c002b4ffc0be611f0d9da932eb0f704fe2602a9a949d1f738e4c34c75b0863d5",
        "sha256:c083af607d2515612056a31f0a8d9e0fcb5876b7bfc0abad3ecd275bc4ebc2d5",
        "sha256:c180f51afb394e165eafe4ac2936a14bee3eb10debc9d9e4db8958fe36afe711",
        "sha256:c235ebd9baae02f1b77bcea61bce332cb4331dc3617d254df3323aa01ab47bd4",
        "sha256:cd70574b12bb8a4d2aaa0094515df2463cb429d8536cfb6c7ce983246983e5a6",
        "sha256:d0eccceffcb53201b5bfebb52600a5fb483a20b61da9dbc885f8b103cbe7598c",
        "sha256:d965bba47ddeec8cd560687584e88cf699fd28f192ceb452d1d7ee807c5597b7",
        "sha256:db364eca23f876da6f9e16c9da0df51aa4f104a972735574842618b8c6d999d4",
        "sha256:ddbb2551d7e0102e7252db79ba445cdab71b26640817ab1e3e3648dad515003b",
        "sha256:deb6be0ac38ece9ba87dea880e438f25ca3eddfac8b002a2ec3d9183a454e8ae",
        "sha256:e06ed3eb3218bc64786f7db41917d4e686cc4856944f53d5bdf83a6884432e12",
        "sha256:e27ad930a842b4c5eb8ac0016b0a54f5aebbe679340c26101df33424142c143c",
        "sha256:e537484df0d8f426ce2afb2d0f8e1c3d0b114b83f8850e5f2fbea0e797bd82ae",
        "sha256:eb00ed941194665c332bf8e078baf037d6c35d7c4f3102ea2d4f16ca94a26dc8",
        "sha256:eb6904c354526e758fda7167b33005998fb68c46fbc10e013ca97f21ca5c8887",
        "sha256:eb8821e09e916165e160797a6c17edda0679379a4be5c716c260e836e122f54b",
        "sha256:efcb3f6676480691518c177e3b465bcddf57cea040302f9f4e6e191af91174d4",
        "sha256:f27273b60488abe721a075bcca6d7f3964f9f6f067c8c4c605743023d7d3944f",
        "sha256:f30c3cb33b24454a82faecaf01b19c18562b1e89558fb6c56de4d9118a032fd5",
        "sha256:fb69256e180cb6c8a894fee62b3afebae785babc1ee98b81cdf68bbca1987f33",
        "sha256:fd1abc0d89e30cc4e02e4064dc67fcc51bd941eb395c502aac3ec19fab46b519",
        "sha256:ff8fa367d09b717b2a17a052544193ad76cd49979c805768879cb63d9ca50561"
      ],
      "markers": "python_full_version >= '3.7.0'",
      "version": "==3.3.2"
    },
    "docutils": {
      "hashes": [
        "sha256:3a6b18732edf182daa3cd12775bbb338cf5691468f91eeeb109deff6ebfa986f",
        "sha256:dafca5b9e384f0e419294eb4d2ff9fa826435bf15f15b7bd45723e8ad76811b2"
      ],
      "markers": "python_version >= '3.9'",
      "version": "==0.21.2"
    },
    "exceptiongroup": {
      "hashes": [
        "sha256:3111b9d131c238bec2f8f516e123e14ba243563fb135d3fe885990585aa7795b",
        "sha256:47c2edf7c6738fafb49fd34290706d1a1a2f4d1c6df275526b62cbb4aa5393cc"
      ],
      "markers": "python_version < '3.11'",
      "version": "==1.2.2"
    },
    "idna": {
      "hashes": [
        "sha256:050b4e5baadcd44d760cedbd2b8e639f2ff89bbc7a5730fcc662954303377aac",
        "sha256:d838c2c0ed6fced7693d5e8ab8e734d5f8fda53a039c0164afb0b82e771e3603"
      ],
      "markers": "python_version >= '3.6'",
      "version": "==3.8"
    },
    "importlib-metadata": {
      "hashes": [
        "sha256:66f342cc6ac9818fc6ff340576acd24d65ba0b3efabb2b4ac08b598965a4a2f1",
        "sha256:9a547d3bc3608b025f93d403fdd1aae741c24fbb8314df4b155675742ce303c5"
      ],
      "markers": "python_version >= '3.8'",
      "version": "==8.4.0"
    },
    "iniconfig": {
      "hashes": [
        "sha256:2d91e135bf72d31a410b17c16da610a82cb55f6b0477d1a902134b24a455b8b3",
        "sha256:b6a85871a79d2e3b22d2d1b94ac2824226a63c6b741c88f7ae975f18b6778374"
      ],
      "markers": "python_version >= '3.7'",
      "version": "==2.0.0"
    },
    "jaraco.classes": {
      "hashes": [
        "sha256:47a024b51d0239c0dd8c8540c6c7f484be3b8fcf0b2d85c13825780d3b3f3acd",
        "sha256:f662826b6bed8cace05e7ff873ce0f9283b5c924470fe664fff1c2f00f581790"
      ],
      "markers": "python_version >= '3.8'",
      "version": "==3.4.0"
    },
    "jaraco.context": {
      "hashes": [
        "sha256:9bae4ea555cf0b14938dc0aee7c9f32ed303aa20a3b73e7dc80111628792d1b3",
        "sha256:f797fc481b490edb305122c9181830a3a5b76d84ef6d1aef2fb9b47ab956f9e4"
      ],
      "markers": "python_version >= '3.8'",
      "version": "==6.0.1"
    },
    "jaraco.functools": {
      "hashes": [
        "sha256:3460c74cd0d32bf82b9576bbb3527c4364d5b27a21f5158a62aed6c4b42e23f5",
        "sha256:c9d16a3ed4ccb5a889ad8e0b7a343401ee5b2a71cee6ed192d3f68bc351e94e3"
      ],
      "markers": "python_version >= '3.8'",
      "version": "==4.0.2"
    },
    "keyring": {
      "hashes": [
        "sha256:8d85a1ea5d6db8515b59e1c5d1d1678b03cf7fc8b8dcfb1651e8c4a524eb42ef",
        "sha256:8d963da00ccdf06e356acd9bf3b743208878751032d8599c6cc89eb51310ffae"
      ],
      "markers": "python_version >= '3.8'",
      "version": "==25.3.0"
    },
    "markdown-it-py": {
      "hashes": [
        "sha256:355216845c60bd96232cd8d8c40e8f9765cc86f46880e43a8fd22dc1a1a8cab1",
        "sha256:e3f60a94fa066dc52ec76661e37c851cb232d92f9886b15cb560aaada2df8feb"
      ],
      "markers": "python_version >= '3.8'",
      "version": "==3.0.0"
    },
    "mdurl": {
      "hashes": [
        "sha256:84008a41e51615a49fc9966191ff91509e3c40b939176e643fd50a5c2196b8f8",
        "sha256:bb413d29f5eea38f31dd4754dd7377d4465116fb207585f97bf925588687c1ba"
      ],
      "markers": "python_version >= '3.7'",
      "version": "==0.1.2"
    },
    "more-itertools": {
      "hashes": [
        "sha256:0f7d9f83a0a8dcfa8a2694a770590d98a67ea943e3d9f5298309a484758c4e27",
        "sha256:fe0e63c4ab068eac62410ab05cccca2dc71ec44ba8ef29916a0090df061cf923"
      ],
      "markers": "python_version >= '3.8'",
      "version": "==10.4.0"
    },
    "nh3": {
      "hashes": [
        "sha256:0411beb0589eacb6734f28d5497ca2ed379eafab8ad8c84b31bb5c34072b7164",
        "sha256:14c5a72e9fe82aea5fe3072116ad4661af5cf8e8ff8fc5ad3450f123e4925e86",
        "sha256:19aaba96e0f795bd0a6c56291495ff59364f4300d4a39b29a0abc9cb3774a84b",
        "sha256:34c03fa78e328c691f982b7c03d4423bdfd7da69cd707fe572f544cf74ac23ad",
        "sha256:36c95d4b70530b320b365659bb5034341316e6a9b30f0b25fa9c9eff4c27a204",
        "sha256:3a157ab149e591bb638a55c8c6bcb8cdb559c8b12c13a8affaba6cedfe51713a",
        "sha256:42c64511469005058cd17cc1537578eac40ae9f7200bedcfd1fc1a05f4f8c200",
        "sha256:5f36b271dae35c465ef5e9090e1fdaba4a60a56f0bb0ba03e0932a66f28b9189",
        "sha256:6955369e4d9f48f41e3f238a9e60f9410645db7e07435e62c6a9ea6135a4907f",
        "sha256:7b7c2a3c9eb1a827d42539aa64091640bd275b81e097cd1d8d82ef91ffa2e811",
        "sha256:8ce0f819d2f1933953fca255db2471ad58184a60508f03e6285e5114b6254844",
        "sha256:94a166927e53972a9698af9542ace4e38b9de50c34352b962f4d9a7d4c927af4",
        "sha256:a7f1b5b2c15866f2db413a3649a8fe4fd7b428ae58be2c0f6bca5eefd53ca2be",
        "sha256:c8b3a1cebcba9b3669ed1a84cc65bf005728d2f0bc1ed2a6594a992e817f3a50",
        "sha256:de3ceed6e661954871d6cd78b410213bdcb136f79aafe22aa7182e028b8c7307",
        "sha256:f0eca9ca8628dbb4e916ae2491d72957fdd35f7a5d326b7032a345f111ac07fe"
      ],
      "version": "==0.2.18"
    },
    "packaging": {
      "hashes": [
        "sha256:026ed72c8ed3fcce5bf8950572258698927fd1dbda10a5e981cdf0ac37f4f002",
        "sha256:5b8f2217dbdbd2f7f384c41c628544e6d52f2d0f53c6d0c3ea61aa5d1d7ff124"
      ],
      "markers": "python_version >= '3.8'",
      "version": "==24.1"
    },
    "pkginfo": {
      "hashes": [
        "sha256:5df73835398d10db79f8eecd5cd86b1f6d29317589ea70796994d49399af6297",
        "sha256:889a6da2ed7ffc58ab5b900d888ddce90bce912f2d2de1dc1c26f4cb9fe65097"
      ],
      "markers": "python_version >= '3.6'",
      "version": "==1.10.0"
    },
    "pluggy": {
      "hashes": [
        "sha256:2cffa88e94fdc978c4c574f15f9e59b7f4201d439195c3715ca9e2486f1d0cf1",
        "sha256:44e1ad92c8ca002de6377e165f3e0f1be63266ab4d554740532335b9d75ea669"
      ],
      "markers": "python_version >= '3.8'",
      "version": "==1.5.0"
    },
    "pydantic": {
      "hashes": [
        "sha256:6f62c13d067b0755ad1c21a34bdd06c0c12625a22b0fc09c6b149816604f7c2a",
        "sha256:73ee9fddd406dc318b885c7a2eab8a6472b68b8fb5ba8150949fc3db939f23c8"
      ],
      "index": "pypi",
      "version": "==2.8.2"
    },
    "pydantic-core": {
      "hashes": [
        "sha256:00eb370a47bd63d6f0e59bae8080c43eb21aca033785ecaeba3fd36f2cfe0877",
        "sha256:05a0d09b436ab65a35b5ad90fc295c4a0e545c2456e2212f242809c7474e60c6",
        "sha256:08dae83791aee669f7160a94e801162e8f17612c4a821c86e17f9a802389a011",
        "sha256:0abc8460e7f214631bd14af8fde2ad69dcc54ae5facabdeb93150c5d3bd2abf3",
        "sha256:0d9053f4c9ff5ed98270937938efaadf8a4beb6826ce6cee1e66614b7613c969",
        "sha256:100fc9d3a681864212dc5d0d25bbac545205d4c31e5f93095f9b6b1f799e8be7",
        "sha256:10a6b04f4f86e3816b50dc9785bb662d87e5eda8423f15a80e6f245f6695828a",
        "sha256:151968f31efca42a9a5ae25cd00a62a67fb368ed4fdf05c861c629138e5cf674",
        "sha256:15ec667c44d32995b71959edfbb3687508686cd06b16fecd8c1d0b97e4195c06",
        "sha256:21b2d238fd200162e64303fd9e805b27d96ffe24164b31350a97eba75bf712e9",
        "sha256:262d77d4c4fa31f4bdfd838d21f265c35c469e980cc422a47d0b2ae796f38d07",
        "sha256:2670f3a68d1a574ae1b0f3da016c010dd08d0a422d14a3b78be47aebbae9a310",
        "sha256:2933accfb2e181d67ae37eb2c40abb1a226841392e90edaa62900c0fe7f47e0e",
        "sha256:29904fc5b7c2795b236e1a54680b3cb203c50b1968938a06a4ca7aaee45e71cc",
        "sha256:30bab73daf1cbd751fb925fbf43c932dc5edfd694af2ee6d207bf9daccf86abd",
        "sha256:38ce3939035e86c775427135a59f4d0da6a2fd567851fc921b24993898d2c584",
        "sha256:39d4ac2cf7a25f1ceec7588a5c9b86ccdf330a5941753e1779974c08a9d763c4",
        "sha256:3ae227d46fd1fa1b5a02c18a5a7c80ccff014b7bf596731af5bb157f33e058c6",
        "sha256:3afe0158f5ee4ba5a0b468dbd3adc46e1c460a2de10ab6af19cab7ccf2831aaa",
        "sha256:3b7f929d7fffe5017aa0b50414a94a57ac21d96004673856147ea2af90beac7b",
        "sha256:3dafe486b2cd19b119d6dce9cd4b2545eb04a679ef4faa6e5b895e0c2838d020",
        "sha256:433ae51fcd7e32e82a922aa67b2233a94f72e58d1d5674322eeeedc2a2a5de1f",
        "sha256:49dea6930ab48b3ca233e7d541d5f6480f6ffa67a1cc2352cd8395c6f3c14745",
        "sha256:4e1eaba0496f00923f125bea4ce2ec2ad7b32753d037ad456ea8b971888ccebf",
        "sha256:5202456ff1f71c2146ba63ffe4538be7fa5d0b6697de14f706d4266aa4e7bf47",
        "sha256:54a4da481e9130eeba5b02fcfe95fcf26e188747b5b9c6a3bc434ee6f7573b04",
        "sha256:5fc73dd963497080b1961c16e6a01c054acb525fb8108c6aeed208d109d7385e",
        "sha256:6264eee5c7fced027286ed143c329f531878ec9ae11e7be3c06635045ecbf81f",
        "sha256:638f8bae1d32f1cff46ed7742782b255d8175c4b006f1f41dccfa68ae7bbd2d2",
        "sha256:649b1f24ac7a09c430929234d43011e5a4195c1b3d32dd3a80fb6f175dcf301b",
        "sha256:690a49c803412267758d114dd8f1e2a819436e1ec3df5043b7ea25bcbfabe40a",
        "sha256:6c093a00bce0de23102c3f4a8fab5629f6c0e2dc09eeb7f275c03895fcee8598",
        "sha256:6f4806078005609da8957757ec41632da08ae33d2e12ce9b82a03e0f9bd9296a",
        "sha256:781ba2aa6023a14bf865d7368d674db44c99a8630fc76ba73e850ca7b5a1febb",
        "sha256:7e8e33bf23a61b07456a1666a07ba453c0906ed74c1330a60ba4c10691628310",
        "sha256:7f7d0a3607a63c328762b904e8ecb471b2fbe0223bfc01d30e0e962cb71ca508",
        "sha256:804a81e50dc43508068964a2b7abacaf99850e2cb7cbd0ae3a8e0145cb89ba1f",
        "sha256:81b84e88ed517a4911f8ebef141b41f5b1d21f8100209b0fc118079accede06e",
        "sha256:837cbeec0ad83ebd57ae9f4e8bd18c8ed34acfe3ec809e2ceceac253b0bc3fd7",
        "sha256:843c98c21b7cd80b0e6f8a44e84fc6ebe63a823b991c337361d1e9141a7d753d",
        "sha256:84667cd32f432bb7f1e0bc5f57c4ea2767d9493e9beef8f195657c16ea3a6076",
        "sha256:848727b22f9117b826a5cc769a874c8a218ab994a455a739fee1aaab611e10f8",
        "sha256:865f96455c0f5af1b1e73c4f52659899a635af4c1e4db5ae40f848ba456dfd24",
        "sha256:873e2453ff6451bdf5619c3c1122fa9998a39552d2fd4c2d9c34f61611e026d6",
        "sha256:8e18fb1effad8d28ae510d35507eecf79abcba96c09627443c51acdfbfa30f93",
        "sha256:8ff9bd3024412d9766343fe60e1dd6e590d30202dd20d27a881dd790b9b1b72d",
        "sha256:92137a6a2236223ae5aa4f610ca2a4fe5c8770941deeb6b295f477c71257e618",
        "sha256:954509ea58b1adf6614390056da194e86feb83423679984f8453416db7cfa8c9",
        "sha256:95e912ae3ccbd9c20f44b85fc7f3e1e55db8f8688c8cf519aa517580ae7ba399",
        "sha256:987503763bbdc403821e8b0e618888eae02531f416964aeb1f867ca53f0d1e72",
        "sha256:9a17d5524f10afd850a0b4365f38931079dc5b00e3417e6b1774d0b8683a5244",
        "sha256:9add1a74e7d8008f4ed9bd4b7cb62de6fd28f81b28f7f6def8c0389a50a98127",
        "sha256:9c0eb1577f5073cfb336e5d08cb91e717197c0727803962850561d529c07e53c",
        "sha256:9f186dc1c1e0fe14a453ccc9a90201c03c12fbdda30e1624e405cf67dcf1dc00",
        "sha256:a4cd64a16bdd44ea2120e5592818b1391b22adb02632ca4438897b10c07ef62a",
        "sha256:a69297f237984b358275cde98bf81b816a6528f579cf3818954d6266bd64c48d",
        "sha256:b0749590fa48c99d93670d2b6a452e0b08c0accd39d86e7579ed176fd8ce9687",
        "sha256:b28dadb0c7494e47304e5c0fec95c500ed914e88b53018ccb85d700fbb1d2bdc",
        "sha256:b73ee3051e98a096027f529a5169560e22c61de067d44858b680fc21b0bd6c20",
        "sha256:b75989878eb94f1a63a6a558735cee1c8d6c7d24007b61df41efc8cdbe819f70",
        "sha256:ba66866a945f96dd20a34c2205822131e8786c2402ce5620e8d73b3b3da665e1",
        "sha256:bb6f9b87d5e1a558f0a8ac9a9282f76505b1ac96695d6bac4a036dce88d927ec",
        "sha256:be25600552428fb43a4d94da3d9001f2a519bde715515bf8704acbd80495b279",
        "sha256:be43d9249acf772be100ca1f687680d0e2e2bd5fbaecc3e904f5a65762d45a86",
        "sha256:c174a6a3885f04da4a94ca15e2ce5ec4db535b8468ee71de246bf709188630e6",
        "sha256:c3734dd979f69b322ec7ddff60123264474801ef9620255f120e10d33596c3a6",
        "sha256:c3ed715355de44fd1ad5e2347ae9d8b48c12423a938174accd98f3c21cd35141",
        "sha256:c886deed32c95db3d3f46195316aea5b87b754e2b84ab14da0aea491df38a997",
        "sha256:c97f1fb88ec947522ec5863630cb17e3b3ec9f6ca09f954107ad3d35ca3abfe8",
        "sha256:c9c3b124d0c1f2b6d462aac3cd194457d419e62d62bbd7fc60392e10eb179d10",
        "sha256:ca5363fb0f39135cd6cbdbaa542c24a91246cf9d08fb5c3ba23f774ef4e91f66",
        "sha256:d00380dbb87abf553d173e2b0c4863a4e2e8573e36ee865af7237a065adc3519",
        "sha256:d129992e977ecf672d4eb7c7ba0e5f13725995d0fac246c673f699b7722c9ae5",
        "sha256:d3eda2b28ed432709f4eae83316fe8a64e5ab79a9d5d9a45950e89c8d43d17d0",
        "sha256:d5d6c3a0a5f3a1c0c7d57acbb1cce592525959414b8f0b79e00d123b8f979d8b",
        "sha256:e082678c0bf14e9204175db2d0364410549f6457dcbd297ef642011d369283f2",
        "sha256:e21b2ee6273cf0d637a7b1622a6ece8761f111083822f1e814e7522d5efb1772",
        "sha256:e34ae0eed62065a917f527296a0da2dc71056d53e5b7c8849d48ad69cc73a486",
        "sha256:e9935b6c89171bab3e4d3f67c4d4d19df60ab2db5676d27894cd39a834b97dde",
        "sha256:eac616e3571f9083d972accae44e98ca7020e7c345ac9317fcc8b5638175cadc",
        "sha256:ec9897bde1b4654d513e065a97d7af50de5bfdf3419ba4ef3fed0fbe2d57451e",
        "sha256:ee96b28ffefe34ddf5e83e28c0ece5f96f7e3a4caa51b1683b2a71d990f8235e",
        "sha256:f288373c599466a3977b6305e8ff21ed81465b8c5b5ba2b1a160c89ad6a09285",
        "sha256:f3482e7e003b2b391ad2441c98ba219cbd71e3de12b3a5f422c5d9151479c827",
        "sha256:f476419afe9b70d7f25fef7bec7033f69c2e3e1f35de23dad5dc5cc098759ce2",
        "sha256:f6f2083e9e2250ea7563a809dc28f4df1c4f78a0f8191fc82755bb9edff438a4",
        "sha256:f8681973c8648bca5f18aae7a949a90b2177d894a30763b54d35b264c6b3cb02",
        "sha256:fe9743b50b86bf75b2f0b48c899665da30ae4e332963a0054d4c74548ba72ab0",
        "sha256:ff54894bc04f5982db8fa6ff6d336afa2e4b66cccc76952a35772ff7485d5553"
      ],
      "index": "pypi",
      "version": "==2.23.0"
    },
    "pygments": {
      "hashes": [
        "sha256:786ff802f32e91311bff3889f6e9a86e81505fe99f2735bb6d60ae0c5004f199",
        "sha256:b8e6aca0523f3ab76fee51799c488e38782ac06eafcf95e7ba832985c8e7b13a"
      ],
      "markers": "python_version >= '3.8'",
      "version": "==2.18.0"
    },
    "pytest": {
      "hashes": [
        "sha256:4ba08f9ae7dcf84ded419494d229b48d0903ea6407b030eaec46df5e6a73bba5",
        "sha256:c132345d12ce551242c87269de812483f5bcc87cdbb4722e48487ba194f9fdce"
      ],
      "index": "pypi",
      "version": "==8.3.2"
    },
    "readme-renderer": {
      "hashes": [
        "sha256:2fbca89b81a08526aadf1357a8c2ae889ec05fb03f5da67f9769c9a592166151",
        "sha256:8712034eabbfa6805cacf1402b4eeb2a73028f72d1166d6f5cb7f9c047c5d1e1"
      ],
      "markers": "python_version >= '3.9'",
      "version": "==44.0"
    },
    "requests": {
      "hashes": [
        "sha256:55365417734eb18255590a9ff9eb97e9e1da868d4ccd6402399eaf68af20a760",
        "sha256:70761cfe03c773ceb22aa2f671b4757976145175cdfca038c02654d061d6dcc6"
      ],
      "markers": "python_version >= '3.8'",
      "version": "==2.32.3"
    },
    "requests-toolbelt": {
      "hashes": [
        "sha256:7681a0a3d047012b5bdc0ee37d7f8f07ebe76ab08caeccfc3921ce23c88d5bc6",
        "sha256:cccfdd665f0a24fcf4726e690f65639d272bb0637b9b92dfd91a5568ccf6bd06"
      ],
      "markers": "python_version >= '2.7' and python_version not in '3.0, 3.1, 3.2, 3.3'",
      "version": "==1.0.0"
    },
    "rfc3986": {
      "hashes": [
        "sha256:50b1502b60e289cb37883f3dfd34532b8873c7de9f49bb546641ce9cbd256ebd",
        "sha256:97aacf9dbd4bfd829baad6e6309fa6573aaf1be3f6fa735c8ab05e46cecb261c"
      ],
      "markers": "python_version >= '3.7'",
      "version": "==2.0.0"
    },
    "rich": {
      "hashes": [
        "sha256:4edbae314f59eb482f54e9e30bf00d33350aaa94f4bfcd4e9e3110e64d0d7222",
        "sha256:9be308cb1fe2f1f57d67ce99e95af38a1e2bc71ad9813b0e247cf7ffbcc3a432"
      ],
      "markers": "python_full_version >= '3.7.0'",
      "version": "==13.7.1"
    },
    "tomli": {
      "hashes": [
        "sha256:939de3e7a6161af0c887ef91b7d41a53e7c5a1ca976325f429cb46ea9bc30ecc",
        "sha256:de526c12914f0c550d15924c62d72abc48d6fe7364aa87328337a31007fe8a4f"
      ],
      "markers": "python_version < '3.11'",
      "version": "==2.0.1"
    },
    "twine": {
      "hashes": [
        "sha256:215dbe7b4b94c2c50a7315c0275d2258399280fbb7d04182c7e55e24b5f93997",
        "sha256:9aa0825139c02b3434d913545c7b847a21c835e11597f5255842d457da2322db"
      ],
      "index": "pypi",
      "version": "==5.1.1"
    },
    "typing-extensions": {
      "hashes": [
        "sha256:04e5ca0351e0f3f85c6853954072df659d0d13fac324d0072316b67d7794700d",
        "sha256:1a7ead55c7e559dd4dee8856e3a88b41225abfe1ce8df57b7c13915fe121ffb8"
      ],
      "markers": "python_version >= '3.8'",
      "version": "==4.12.2"
    },
    "urllib3": {
      "hashes": [
        "sha256:a448b2f64d686155468037e1ace9f2d2199776e17f0a46610480d311f73e3472",
        "sha256:dd505485549a7a552833da5e6063639d0d177c04f23bc3864e41e5dc5f612168"
      ],
      "markers": "python_version >= '3.8'",
      "version": "==2.2.2"
    },
    "zipp": {
      "hashes": [
        "sha256:0145e43d89664cfe1a2e533adc75adafed82fe2da404b4bbb6b026c0157bdb31",
        "sha256:58da6168be89f0be59beb194da1250516fdaa062ccebd30127ac65d30045e10d"
      ],
      "markers": "python_version >= '3.8'",
      "version": "==3.20.0"
    }
  }
}
